
Microsoft Visual Studio Solution File, Format Version 12.00
# Visual Studio Version 16
VisualStudioVersion = 16.0.31515.178
MinimumVisualStudioVersion = 10.0.40219.1
Project("{2150E333-8FDC-42A3-9474-1A3956D46DE8}") = "Solution Items", "Solution Items", "{E5C5D2B9-639B-48CF-B5B0-E44FD7F24B1E}"
	ProjectSection(SolutionItems) = preProject
		..\.gitignore = ..\.gitignore
		..\LICENSE = ..\LICENSE
	EndProjectSection
EndProject
Project("{2150E333-8FDC-42A3-9474-1A3956D46DE8}") = ".github", ".github", "{E64D67E6-C2B6-471C-990D-2E9A91427B64}"
	ProjectSection(SolutionItems) = preProject
		..\.github\release-drafter.yml = ..\.github\release-drafter.yml
	EndProjectSection
EndProject
Project("{2150E333-8FDC-42A3-9474-1A3956D46DE8}") = "workflows", "workflows", "{1960DCD1-3C51-48FF-BFF8-5FE4C3CBABB2}"
	ProjectSection(SolutionItems) = preProject
		..\.github\workflows\builder.yml = ..\.github\workflows\builder.yml
		..\.github\workflows\docfx.yml = ..\.github\workflows\docfx.yml
		..\.github\workflows\drafter.yml = ..\.github\workflows\drafter.yml
		..\.github\workflows\publish.yml = ..\.github\workflows\publish.yml
	EndProjectSection
EndProject
Project("{FAE04EC0-301F-11D3-BF4B-00C04F79EFBC}") = "Digitalroot.CMB.RepositoryLoader", "Digitalroot.CMB.RepositoryLoader\Digitalroot.CMB.RepositoryLoader.csproj", "{1F360F0A-C6EE-49B2-B61C-EF1026B9E866}"
EndProject
Project("{FAE04EC0-301F-11D3-BF4B-00C04F79EFBC}") = "Digitalroot.CMB.Repository", "Digitalroot.CMB.Repository\Digitalroot.CMB.Repository.csproj", "{A97CEC68-5159-4D18-ADAF-43999DF28DB8}"
EndProject
Project("{2150E333-8FDC-42A3-9474-1A3956D46DE8}") = "docs", "docs", "{26203D3F-4F5B-4EC0-9C4A-9F298073BE82}"
	ProjectSection(SolutionItems) = preProject
		..\docs\_config.yml = ..\docs\_config.yml
		..\docs\docfx.json = ..\docs\docfx.json
		..\docs\nexusmods.bbcode.txt = ..\docs\nexusmods.bbcode.txt
		..\docs\README.md = ..\docs\README.md
		..\docs\toc.yml = ..\docs\toc.yml
	EndProjectSection
EndProject
Project("{2150E333-8FDC-42A3-9474-1A3956D46DE8}") = "ico", "ico", "{3E8193DB-0D64-42C9-BA5B-1B8AA9D91CD5}"
	ProjectSection(SolutionItems) = preProject
		ico\icon_greendot.gif = ico\icon_greendot.gif
		ico\icon_reddot.gif = ico\icon_reddot.gif
		ico\icon_yellowdot.gif = ico\icon_yellowdot.gif
		ico\ValheimRcon.xcf = ico\ValheimRcon.xcf
		ico\ValheimRcon_black.ico = ico\ValheimRcon_black.ico
		ico\ValheimRcon_black.png = ico\ValheimRcon_black.png
		ico\ValheimRcon_color.ico = ico\ValheimRcon_color.ico
		ico\ValheimRcon_color.png = ico\ValheimRcon_color.png
	EndProjectSection
EndProject
Project("{FAE04EC0-301F-11D3-BF4B-00C04F79EFBC}") = "Digitalroot.CustomMonoBehaviours.Example", "Digitalroot.CustomMonoBehaviours.Example\Digitalroot.CustomMonoBehaviours.Example.csproj", "{073A8EB0-B643-4CEB-954E-D954E043DB3A}"
EndProject
Project("{FAE04EC0-301F-11D3-BF4B-00C04F79EFBC}") = "Digitalroot.CMB.Repository2", "Digitalroot.CMB.Repository2\Digitalroot.CMB.Repository2.csproj", "{E467F33C-3B00-40D8-8B31-66D98988F49F}"
EndProject
Project("{2150E333-8FDC-42A3-9474-1A3956D46DE8}") = "images", "images", "{40B75FC9-A2AC-4A3E-BBE4-77A020418EB5}"
	ProjectSection(SolutionItems) = preProject
		..\docs\images\context.png = ..\docs\images\context.png
		..\docs\images\dlllocation.png = ..\docs\images\dlllocation.png
		..\docs\images\embeddedasset.png = ..\docs\images\embeddedasset.png
		..\docs\images\example.png = ..\docs\images\example.png
		..\docs\images\POC.PNG = ..\docs\images\POC.PNG
		..\docs\images\UnityProjSettings.png = ..\docs\images\UnityProjSettings.png
		..\docs\images\VSProjectview.png = ..\docs\images\VSProjectview.png
	EndProjectSection
EndProject
Global
	GlobalSection(SolutionConfigurationPlatforms) = preSolution
		Debug|Any CPU = Debug|Any CPU
		Release|Any CPU = Release|Any CPU
	EndGlobalSection
	GlobalSection(ProjectConfigurationPlatforms) = postSolution
		{1F360F0A-C6EE-49B2-B61C-EF1026B9E866}.Debug|Any CPU.ActiveCfg = Debug|Any CPU
		{1F360F0A-C6EE-49B2-B61C-EF1026B9E866}.Debug|Any CPU.Build.0 = Debug|Any CPU
		{1F360F0A-C6EE-49B2-B61C-EF1026B9E866}.Release|Any CPU.ActiveCfg = Release|Any CPU
		{1F360F0A-C6EE-49B2-B61C-EF1026B9E866}.Release|Any CPU.Build.0 = Release|Any CPU
		{A97CEC68-5159-4D18-ADAF-43999DF28DB8}.Debug|Any CPU.ActiveCfg = Debug|Any CPU
		{A97CEC68-5159-4D18-ADAF-43999DF28DB8}.Debug|Any CPU.Build.0 = Debug|Any CPU
		{A97CEC68-5159-4D18-ADAF-43999DF28DB8}.Release|Any CPU.ActiveCfg = Release|Any CPU
		{A97CEC68-5159-4D18-ADAF-43999DF28DB8}.Release|Any CPU.Build.0 = Release|Any CPU
		{073A8EB0-B643-4CEB-954E-D954E043DB3A}.Debug|Any CPU.ActiveCfg = Debug|Any CPU
		{073A8EB0-B643-4CEB-954E-D954E043DB3A}.Debug|Any CPU.Build.0 = Debug|Any CPU
		{073A8EB0-B643-4CEB-954E-D954E043DB3A}.Release|Any CPU.ActiveCfg = Release|Any CPU
		{073A8EB0-B643-4CEB-954E-D954E043DB3A}.Release|Any CPU.Build.0 = Release|Any CPU
		{E467F33C-3B00-40D8-8B31-66D98988F49F}.Debug|Any CPU.ActiveCfg = Debug|Any CPU
		{E467F33C-3B00-40D8-8B31-66D98988F49F}.Debug|Any CPU.Build.0 = Debug|Any CPU
		{E467F33C-3B00-40D8-8B31-66D98988F49F}.Release|Any CPU.ActiveCfg = Release|Any CPU
		{E467F33C-3B00-40D8-8B31-66D98988F49F}.Release|Any CPU.Build.0 = Release|Any CPU
	EndGlobalSection
	GlobalSection(SolutionProperties) = preSolution
		HideSolutionNode = FALSE
	EndGlobalSection
	GlobalSection(NestedProjects) = preSolution
		{E64D67E6-C2B6-471C-990D-2E9A91427B64} = {E5C5D2B9-639B-48CF-B5B0-E44FD7F24B1E}
		{1960DCD1-3C51-48FF-BFF8-5FE4C3CBABB2} = {E64D67E6-C2B6-471C-990D-2E9A91427B64}
		{26203D3F-4F5B-4EC0-9C4A-9F298073BE82} = {E5C5D2B9-639B-48CF-B5B0-E44FD7F24B1E}
		{3E8193DB-0D64-42C9-BA5B-1B8AA9D91CD5} = {E5C5D2B9-639B-48CF-B5B0-E44FD7F24B1E}
		{40B75FC9-A2AC-4A3E-BBE4-77A020418EB5} = {E5C5D2B9-639B-48CF-B5B0-E44FD7F24B1E}
	EndGlobalSection
	GlobalSection(ExtensibilityGlobals) = postSolution
		SolutionGuid = {46DD4389-95C4-4F57-BB16-2A9A816F46B9}
	EndGlobalSection
EndGlobal
